{
  "name": "question",
  "lockfileVersion": 2,
  "requires": true,
  "packages": {
    "": {
      "dependencies": {
        "requires": "^1.0.2"
      }
    },
    "node_modules/requires": {
      "version": "1.0.2",
      "resolved": "https://registry.npmjs.org/requires/-/requires-1.0.2.tgz",
      "integrity": "sha512-X0owrXW/+IVhkwoYHL9ZKQQBfq+5NiPVmw6ev7LhWFecMmx9uhbBzjbR/xxv9bRSsHorSrUpQm6WNQdUxnlGtg=="
    }
  },
  "dependencies": {
    "requires": {
      "version": "1.0.2",
      "resolved": "https://registry.npmjs.org/requires/-/requires-1.0.2.tgz",
      "integrity": "sha512-X0owrXW/+IVhkwoYHL9ZKQQBfq+5NiPVmw6ev7LhWFecMmx9uhbBzjbR/xxv9bRSsHorSrUpQm6WNQdUxnlGtg=="
    }
  }
}
